
Microsoft Visual Studio Solution File, Format Version 12.00
# Visual Studio Version 17
VisualStudioVersion = 17.7.34031.279
MinimumVisualStudioVersion = 10.0.40219.1
Project("{FAE04EC0-301F-11D3-BF4B-00C04F79EFBC}") = "ImplementLinkedList", "ImplementLinkedList\ImplementLinkedList.csproj", "{46B2B913-76DB-450E-AAA3-EFCC49E28B08}"
EndProject
Global
	GlobalSection(SolutionConfigurationPlatforms) = preSolution
		Debug|Any CPU = Debug|Any CPU
		Release|Any CPU = Release|Any CPU
	EndGlobalSection
	GlobalSection(ProjectConfigurationPlatforms) = postSolution
		{46B2B913-76DB-450E-AAA3-EFCC49E28B08}.Debug|Any CPU.ActiveCfg = Debug|Any CPU
		{46B2B913-76DB-450E-AAA3-EFCC49E28B08}.Debug|Any CPU.Build.0 = Debug|Any CPU
		{46B2B913-76DB-450E-AAA3-EFCC49E28B08}.Release|Any CPU.ActiveCfg = Release|Any CPU
		{46B2B913-76DB-450E-AAA3-EFCC49E28B08}.Release|Any CPU.Build.0 = Release|Any CPU
	EndGlobalSection
	GlobalSection(SolutionProperties) = preSolution
		HideSolutionNode = FALSE
	EndGlobalSection
	GlobalSection(ExtensibilityGlobals) = postSolution
		SolutionGuid = {89EEF7FA-6E4A-479C-8087-1FF75E543DDE}
	EndGlobalSection
EndGlobal
